
Microsoft Visual Studio Solution File, Format Version 12.00
# Visual Studio Version 16
VisualStudioVersion = 16.0.30907.101
MinimumVisualStudioVersion = 10.0.40219.1
Project("{FAE04EC0-301F-11D3-BF4B-00C04F79EFBC}") = "Shop.NoRepositories", "Shop.NoRepositories\Shop.NoRepositories.csproj", "{9E88B76F-C51A-40B5-823E-F36F526594B0}"
EndProject
Project("{FAE04EC0-301F-11D3-BF4B-00C04F79EFBC}") = "Shop.NoRepository.Application", "Shop.NoRepository.Application\Shop.NoRepository.Application.csproj", "{D822FD83-922A-49B0-9761-167AC08C9EF2}"
EndProject
Project("{FAE04EC0-301F-11D3-BF4B-00C04F79EFBC}") = "Shop.NoRepository.DataAccess.EntityFramework", "Shop.NoRepository.DataAccess.EntityFramework\Shop.NoRepository.DataAccess.EntityFramework.csproj", "{D65983A2-6939-444F-877E-9900FE23F938}"
EndProject
Project("{FAE04EC0-301F-11D3-BF4B-00C04F79EFBC}") = "Shop.NoRepository.Domain", "Shop.NoRepository.Domain\Shop.NoRepository.Domain.csproj", "{C539570D-5C73-4A6C-84E4-6562E091CD37}"
EndProject
Global
	GlobalSection(SolutionConfigurationPlatforms) = preSolution
		Debug|Any CPU = Debug|Any CPU
		Release|Any CPU = Release|Any CPU
	EndGlobalSection
	GlobalSection(ProjectConfigurationPlatforms) = postSolution
		{9E88B76F-C51A-40B5-823E-F36F526594B0}.Debug|Any CPU.ActiveCfg = Debug|Any CPU
		{9E88B76F-C51A-40B5-823E-F36F526594B0}.Debug|Any CPU.Build.0 = Debug|Any CPU
		{9E88B76F-C51A-40B5-823E-F36F526594B0}.Release|Any CPU.ActiveCfg = Release|Any CPU
		{9E88B76F-C51A-40B5-823E-F36F526594B0}.Release|Any CPU.Build.0 = Release|Any CPU
		{D822FD83-922A-49B0-9761-167AC08C9EF2}.Debug|Any CPU.ActiveCfg = Debug|Any CPU
		{D822FD83-922A-49B0-9761-167AC08C9EF2}.Debug|Any CPU.Build.0 = Debug|Any CPU
		{D822FD83-922A-49B0-9761-167AC08C9EF2}.Release|Any CPU.ActiveCfg = Release|Any CPU
		{D822FD83-922A-49B0-9761-167AC08C9EF2}.Release|Any CPU.Build.0 = Release|Any CPU
		{D65983A2-6939-444F-877E-9900FE23F938}.Debug|Any CPU.ActiveCfg = Debug|Any CPU
		{D65983A2-6939-444F-877E-9900FE23F938}.Debug|Any CPU.Build.0 = Debug|Any CPU
		{D65983A2-6939-444F-877E-9900FE23F938}.Release|Any CPU.ActiveCfg = Release|Any CPU
		{D65983A2-6939-444F-877E-9900FE23F938}.Release|Any CPU.Build.0 = Release|Any CPU
		{C539570D-5C73-4A6C-84E4-6562E091CD37}.Debug|Any CPU.ActiveCfg = Debug|Any CPU
		{C539570D-5C73-4A6C-84E4-6562E091CD37}.Debug|Any CPU.Build.0 = Debug|Any CPU
		{C539570D-5C73-4A6C-84E4-6562E091CD37}.Release|Any CPU.ActiveCfg = Release|Any CPU
		{C539570D-5C73-4A6C-84E4-6562E091CD37}.Release|Any CPU.Build.0 = Release|Any CPU
	EndGlobalSection
	GlobalSection(SolutionProperties) = preSolution
		HideSolutionNode = FALSE
	EndGlobalSection
	GlobalSection(ExtensibilityGlobals) = postSolution
		SolutionGuid = {C23C8956-834F-4594-93CA-40C1B12F0396}
	EndGlobalSection
EndGlobal
